<?xml version="1.0" encoding="utf-8"?>
<Project ToolsVersion="4.0" xmlns="http://schemas.microsoft.com/developer/msbuild/2003">
  <ItemGroup>
    <Filter Include="Source Files">
      <UniqueIdentifier>{4FC737F1-C7A5-4376-A066-2A32D752A2FF}</UniqueIdentifier>
      <Extensions>qml;cpp;c;cc;cxx;def;odl;idl;hpj;bat;asm;asmx</Extensions>
    </Filter>
    <Filter Include="Header Files">
      <UniqueIdentifier>{93995380-89BD-4b04-88EB-625FBE52EBFB}</UniqueIdentifier>
      <Extensions>h;hh;hpp;hxx;hm;inl;inc;xsd</Extensions>
    </Filter>
    <Filter Include="Resource Files">
      <UniqueIdentifier>{67DA6AB6-F800-4c08-8B7A-83BB121AAD01}</UniqueIdentifier>
      <Extensions>qrc;rc;ico;cur;bmp;dlg;rc2;rct;bin;rgs;gif;jpg;jpeg;jpe;resx;tiff;tif;png;wav;mfcribbon-ms</Extensions>
    </Filter>
    <Filter Include="Form Files">
      <UniqueIdentifier>{99349809-55BA-4b9d-BF79-8FDBB0286EB3}</UniqueIdentifier>
      <Extensions>ui</Extensions>
    </Filter>
    <Filter Include="Translation Files">
      <UniqueIdentifier>{639EADAA-A684-42e4-A9AD-28FC9BCB8F7C}</UniqueIdentifier>
      <Extensions>ts</Extensions>
    </Filter>
  </ItemGroup>
  <ItemGroup>
    <Image Include="Resources\computer.ico">
      <Filter>Resource Files</Filter>
    </Image>
    <Image Include="Resources\monitor_icon.ico">
      <Filter>Resource Files</Filter>
    </Image>
  </ItemGroup>
  <ItemGroup>
    <None Include=".gitignore" />
    <None Include="README.md" />
  </ItemGroup>
  <ItemGroup>
    <ClCompile Include="ambiled.cpp">
      <Filter>Source Files</Filter>
    </ClCompile>
    <ClCompile Include="blackbarprocess.cpp">
      <Filter>Source Files</Filter>
    </ClCompile>
    <ClCompile Include="blockstriptransform.cpp">
      <Filter>Source Files</Filter>
    </ClCompile>
    <ClCompile Include="blocktransform.cpp">
      <Filter>Source Files</Filter>
    </ClCompile>
    <ClCompile Include="dx9screencapture.cpp">
      <Filter>Source Files</Filter>
    </ClCompile>
    <ClCompile Include="dx11screencapture.cpp">
      <Filter>Source Files</Filter>
    </ClCompile>
    <ClCompile Include="dxgiscreencapture.cpp">
      <Filter>Source Files</Filter>
    </ClCompile>
    <ClCompile Include="execthread.cpp">
      <Filter>Source Files</Filter>
    </ClCompile>
    <ClCompile Include="gdiscreencapture.cpp">
      <Filter>Source Files</Filter>
    </ClCompile>
    <ClCompile Include="imageprocess.cpp">
      <Filter>Source Files</Filter>
    </ClCompile>
    <ClCompile Include="imagetransform.cpp">
      <Filter>Source Files</Filter>
    </ClCompile>
    <ClCompile Include="leds.cpp">
      <Filter>Source Files</Filter>
    </ClCompile>
    <ClCompile Include="lowpassfilterprocess.cpp">
      <Filter>Source Files</Filter>
    </ClCompile>
    <ClCompile Include="main.cpp">
      <Filter>Source Files</Filter>
    </ClCompile>
    <ClCompile Include="pixmaputils.cpp">
      <Filter>Source Files</Filter>
    </ClCompile>
    <ClCompile Include="processmanager.cpp">
      <Filter>Source Files</Filter>
    </ClCompile>
    <ClCompile Include="scaleprocess.cpp">
      <Filter>Source Files</Filter>
    </ClCompile>
    <ClCompile Include="screencapture.cpp">
      <Filter>Source Files</Filter>
    </ClCompile>
    <ClCompile Include="screenmanager.cpp">
      <Filter>Source Files</Filter>
    </ClCompile>
    <ClCompile Include="serialmanager.cpp">
      <Filter>Source Files</Filter>
    </ClCompile>
    <ClCompile Include="simpletransform.cpp">
      <Filter>Source Files</Filter>
    </ClCompile>
    <ClCompile Include="striptransform.cpp">
      <Filter>Source Files</Filter>
    </ClCompile>
    <ClCompile Include="util.cpp">
      <Filter>Source Files</Filter>
    </ClCompile>
    <ClCompile Include="x11screencapture.cpp">
      <Filter>Source Files</Filter>
    </ClCompile>
  </ItemGroup>
  <ItemGroup>
    <QtMoc Include="ambiled.h">
      <Filter>Header Files</Filter>
    </QtMoc>
    <QtMoc Include="execthread.h">
      <Filter>Header Files</Filter>
    </QtMoc>
    <QtMoc Include="imageprocess.h">
      <Filter>Header Files</Filter>
    </QtMoc>
    <QtMoc Include="processmanager.h">
      <Filter>Header Files</Filter>
    </QtMoc>
    <QtMoc Include="screenmanager.h">
      <Filter>Header Files</Filter>
    </QtMoc>
    <QtMoc Include="serialmanager.h">
      <Filter>Header Files</Filter>
    </QtMoc>
  </ItemGroup>
  <ItemGroup>
    <QtRcc Include="ambiled.qrc">
      <Filter>Resource Files</Filter>
    </QtRcc>
  </ItemGroup>
  <ItemGroup>
    <QtUic Include="ambiled.ui">
      <Filter>Form Files</Filter>
    </QtUic>
  </ItemGroup>
  <ItemGroup>
    <ClInclude Include="blackbarprocess.h">
      <Filter>Header Files</Filter>
    </ClInclude>
    <ClInclude Include="blockstriptransform.h">
      <Filter>Header Files</Filter>
    </ClInclude>
    <ClInclude Include="blocktransform.h">
      <Filter>Header Files</Filter>
    </ClInclude>
    <ClInclude Include="dx9screencapture.h">
      <Filter>Header Files</Filter>
    </ClInclude>
    <ClInclude Include="dx11screencapture.h">
      <Filter>Header Files</Filter>
    </ClInclude>
    <ClInclude Include="dxgiscreencapture.h">
      <Filter>Header Files</Filter>
    </ClInclude>
    <ClInclude Include="gdiscreencapture.h">
      <Filter>Header Files</Filter>
    </ClInclude>
    <ClInclude Include="imagetransform.h">
      <Filter>Header Files</Filter>
    </ClInclude>
    <ClInclude Include="leds.h">
      <Filter>Header Files</Filter>
    </ClInclude>
    <ClInclude Include="lowpassfilterprocess.h">
      <Filter>Header Files</Filter>
    </ClInclude>
    <ClInclude Include="pixmaputils.h">
      <Filter>Header Files</Filter>
    </ClInclude>
    <ClInclude Include="scaleprocess.h">
      <Filter>Header Files</Filter>
    </ClInclude>
    <ClInclude Include="screencapture.h">
      <Filter>Header Files</Filter>
    </ClInclude>
    <ClInclude Include="simpletransform.h">
      <Filter>Header Files</Filter>
    </ClInclude>
    <ClInclude Include="striptransform.h">
      <Filter>Header Files</Filter>
    </ClInclude>
    <ClInclude Include="types.h">
      <Filter>Header Files</Filter>
    </ClInclude>
    <ClInclude Include="util.h">
      <Filter>Header Files</Filter>
    </ClInclude>
    <ClInclude Include="version.h">
      <Filter>Header Files</Filter>
    </ClInclude>
    <ClInclude Include="x11screencapture.h">
      <Filter>Header Files</Filter>
    </ClInclude>
  </ItemGroup>
  <ItemGroup>
    <Text Include="LICENCE.txt" />
  </ItemGroup>
</Project>